# This file is automatically @generated by Cargo.
# It is not intended for manual editing.
version = 4

[[package]]
name = "knightingale-cli"
version = "0.1.0"
dependencies = [
 "knightingale-core",
]

[[package]]
name = "knightingale-core"
version = "0.1.0"

[[package]]
name = "knightingale-daemon"
version = "0.1.0"
dependencies = [
 "knightingale-core",
]
